{
  "name": "mange-empolye",
  "lockfileVersion": 2,
  "requires": true,
  "packages": {
    "": {
      "dependencies": {
        "cd": "^0.3.3",
        "typescript-map": "^0.1.0"
      }
    },
    "node_modules/cd": {
      "version": "0.3.3",
      "resolved": "https://registry.npmjs.org/cd/-/cd-0.3.3.tgz",
      "integrity": "sha1-EI7LV7/5O5a5EVxUVzz+8wCO+U0=",
      "engines": {
        "node": "*"
      }
    },
    "node_modules/typescript-map": {
      "version": "0.1.0",
      "resolved": "https://registry.npmjs.org/typescript-map/-/typescript-map-0.1.0.tgz",
      "integrity": "sha512-py1csqjGZR7LoENWvr5aqN4jYFDkthQZ1sCuMBr0/NuRJ5sSs5RqopqZhE2gFbLesKDec+RE0sraYV2ebrDexQ=="
    }
  },
  "dependencies": {
    "cd": {
      "version": "0.3.3",
      "resolved": "https://registry.npmjs.org/cd/-/cd-0.3.3.tgz",
      "integrity": "sha1-EI7LV7/5O5a5EVxUVzz+8wCO+U0="
    },
    "typescript-map": {
      "version": "0.1.0",
      "resolved": "https://registry.npmjs.org/typescript-map/-/typescript-map-0.1.0.tgz",
      "integrity": "sha512-py1csqjGZR7LoENWvr5aqN4jYFDkthQZ1sCuMBr0/NuRJ5sSs5RqopqZhE2gFbLesKDec+RE0sraYV2ebrDexQ=="
    }
  }
}
